
Microsoft Visual Studio Solution File, Format Version 12.00
# Visual Studio Version 17
VisualStudioVersion = 17.0.31903.59
MinimumVisualStudioVersion = 10.0.40219.1
Project("{2150E333-8FDC-42A3-9474-1A3956D46DE8}") = "src", "src", "{827E0CD3-B72D-47B6-A68D-7590B98EB39B}"
EndProject
Project("{2150E333-8FDC-42A3-9474-1A3956D46DE8}") = "API", "API", "{81034408-37C8-1011-444E-4C15C2FADA8E}"
EndProject
Project("{2150E333-8FDC-42A3-9474-1A3956D46DE8}") = "Common", "Common", "{BFF2DF6E-AA54-47C7-211F-79ACCBB4577C}"
EndProject
Project("{2150E333-8FDC-42A3-9474-1A3956D46DE8}") = "Core", "Core", "{8D626EA8-CB54-BC41-363A-217881BEBA6E}"
EndProject
Project("{2150E333-8FDC-42A3-9474-1A3956D46DE8}") = "Infrastructure", "Infrastructure", "{9048EB7F-3875-A59E-E36B-5BD4C6F2A282}"
EndProject
Project("{FAE04EC0-301F-11D3-BF4B-00C04F79EFBC}") = "Tarker.Booking.Api", "src\Tarker.Booking.Api\Tarker.Booking.Api.csproj", "{F12DE506-8224-4752-9A4D-4652013EF7C3}"
EndProject
Project("{FAE04EC0-301F-11D3-BF4B-00C04F79EFBC}") = "Tarker.Booking.Application", "src\Tarker.Booking.Application\Tarker.Booking.Application.csproj", "{7EFE32E9-41A3-4FDA-AF55-74E6CD78AE3D}"
EndProject
Project("{FAE04EC0-301F-11D3-BF4B-00C04F79EFBC}") = "Tarker.Booking.Domain", "src\Tarker.Booking.Domain\Tarker.Booking.Domain.csproj", "{2FF00A82-95C2-47AA-888B-52F6DAAA0896}"
EndProject
Project("{FAE04EC0-301F-11D3-BF4B-00C04F79EFBC}") = "Tarker.Booking.Persistence", "src\Tarker.Booking.Persistence\Tarker.Booking.Persistence.csproj", "{6AB11AFA-C5E8-4175-8A7B-27F7E49A54AA}"
EndProject
Project("{FAE04EC0-301F-11D3-BF4B-00C04F79EFBC}") = "Tarker.Booking.External", "src\Tarker.Booking.External\Tarker.Booking.External.csproj", "{AD3B83CA-534D-4F58-A61A-61F3D2D352AF}"
EndProject
Project("{FAE04EC0-301F-11D3-BF4B-00C04F79EFBC}") = "Tarker.Booking.Common", "src\Tarker.Booking.Common\Tarker.Booking.Common.csproj", "{11272DE0-0DD1-4777-864F-74A5908F020E}"
EndProject
Global
	GlobalSection(SolutionConfigurationPlatforms) = preSolution
		Debug|Any CPU = Debug|Any CPU
		Debug|x64 = Debug|x64
		Debug|x86 = Debug|x86
		Release|Any CPU = Release|Any CPU
		Release|x64 = Release|x64
		Release|x86 = Release|x86
	EndGlobalSection
	GlobalSection(ProjectConfigurationPlatforms) = postSolution
		{F12DE506-8224-4752-9A4D-4652013EF7C3}.Debug|Any CPU.ActiveCfg = Debug|Any CPU
		{F12DE506-8224-4752-9A4D-4652013EF7C3}.Debug|Any CPU.Build.0 = Debug|Any CPU
		{F12DE506-8224-4752-9A4D-4652013EF7C3}.Debug|x64.ActiveCfg = Debug|Any CPU
		{F12DE506-8224-4752-9A4D-4652013EF7C3}.Debug|x64.Build.0 = Debug|Any CPU
		{F12DE506-8224-4752-9A4D-4652013EF7C3}.Debug|x86.ActiveCfg = Debug|Any CPU
		{F12DE506-8224-4752-9A4D-4652013EF7C3}.Debug|x86.Build.0 = Debug|Any CPU
		{F12DE506-8224-4752-9A4D-4652013EF7C3}.Release|Any CPU.ActiveCfg = Release|Any CPU
		{F12DE506-8224-4752-9A4D-4652013EF7C3}.Release|Any CPU.Build.0 = Release|Any CPU
		{F12DE506-8224-4752-9A4D-4652013EF7C3}.Release|x64.ActiveCfg = Release|Any CPU
		{F12DE506-8224-4752-9A4D-4652013EF7C3}.Release|x64.Build.0 = Release|Any CPU
		{F12DE506-8224-4752-9A4D-4652013EF7C3}.Release|x86.ActiveCfg = Release|Any CPU
		{F12DE506-8224-4752-9A4D-4652013EF7C3}.Release|x86.Build.0 = Release|Any CPU
		{7EFE32E9-41A3-4FDA-AF55-74E6CD78AE3D}.Debug|Any CPU.ActiveCfg = Debug|Any CPU
		{7EFE32E9-41A3-4FDA-AF55-74E6CD78AE3D}.Debug|Any CPU.Build.0 = Debug|Any CPU
		{7EFE32E9-41A3-4FDA-AF55-74E6CD78AE3D}.Debug|x64.ActiveCfg = Debug|Any CPU
		{7EFE32E9-41A3-4FDA-AF55-74E6CD78AE3D}.Debug|x64.Build.0 = Debug|Any CPU
		{7EFE32E9-41A3-4FDA-AF55-74E6CD78AE3D}.Debug|x86.ActiveCfg = Debug|Any CPU
		{7EFE32E9-41A3-4FDA-AF55-74E6CD78AE3D}.Debug|x86.Build.0 = Debug|Any CPU
		{7EFE32E9-41A3-4FDA-AF55-74E6CD78AE3D}.Release|Any CPU.ActiveCfg = Release|Any CPU
		{7EFE32E9-41A3-4FDA-AF55-74E6CD78AE3D}.Release|Any CPU.Build.0 = Release|Any CPU
		{7EFE32E9-41A3-4FDA-AF55-74E6CD78AE3D}.Release|x64.ActiveCfg = Release|Any CPU
		{7EFE32E9-41A3-4FDA-AF55-74E6CD78AE3D}.Release|x64.Build.0 = Release|Any CPU
		{7EFE32E9-41A3-4FDA-AF55-74E6CD78AE3D}.Release|x86.ActiveCfg = Release|Any CPU
		{7EFE32E9-41A3-4FDA-AF55-74E6CD78AE3D}.Release|x86.Build.0 = Release|Any CPU
		{2FF00A82-95C2-47AA-888B-52F6DAAA0896}.Debug|Any CPU.ActiveCfg = Debug|Any CPU
		{2FF00A82-95C2-47AA-888B-52F6DAAA0896}.Debug|Any CPU.Build.0 = Debug|Any CPU
		{2FF00A82-95C2-47AA-888B-52F6DAAA0896}.Debug|x64.ActiveCfg = Debug|Any CPU
		{2FF00A82-95C2-47AA-888B-52F6DAAA0896}.Debug|x64.Build.0 = Debug|Any CPU
		{2FF00A82-95C2-47AA-888B-52F6DAAA0896}.Debug|x86.ActiveCfg = Debug|Any CPU
		{2FF00A82-95C2-47AA-888B-52F6DAAA0896}.Debug|x86.Build.0 = Debug|Any CPU
		{2FF00A82-95C2-47AA-888B-52F6DAAA0896}.Release|Any CPU.ActiveCfg = Release|Any CPU
		{2FF00A82-95C2-47AA-888B-52F6DAAA0896}.Release|Any CPU.Build.0 = Release|Any CPU
		{2FF00A82-95C2-47AA-888B-52F6DAAA0896}.Release|x64.ActiveCfg = Release|Any CPU
		{2FF00A82-95C2-47AA-888B-52F6DAAA0896}.Release|x64.Build.0 = Release|Any CPU
		{2FF00A82-95C2-47AA-888B-52F6DAAA0896}.Release|x86.ActiveCfg = Release|Any CPU
		{2FF00A82-95C2-47AA-888B-52F6DAAA0896}.Release|x86.Build.0 = Release|Any CPU
		{6AB11AFA-C5E8-4175-8A7B-27F7E49A54AA}.Debug|Any CPU.ActiveCfg = Debug|Any CPU
		{6AB11AFA-C5E8-4175-8A7B-27F7E49A54AA}.Debug|Any CPU.Build.0 = Debug|Any CPU
		{6AB11AFA-C5E8-4175-8A7B-27F7E49A54AA}.Debug|x64.ActiveCfg = Debug|Any CPU
		{6AB11AFA-C5E8-4175-8A7B-27F7E49A54AA}.Debug|x64.Build.0 = Debug|Any CPU
		{6AB11AFA-C5E8-4175-8A7B-27F7E49A54AA}.Debug|x86.ActiveCfg = Debug|Any CPU
		{6AB11AFA-C5E8-4175-8A7B-27F7E49A54AA}.Debug|x86.Build.0 = Debug|Any CPU
		{6AB11AFA-C5E8-4175-8A7B-27F7E49A54AA}.Release|Any CPU.ActiveCfg = Release|Any CPU
		{6AB11AFA-C5E8-4175-8A7B-27F7E49A54AA}.Release|Any CPU.Build.0 = Release|Any CPU
		{6AB11AFA-C5E8-4175-8A7B-27F7E49A54AA}.Release|x64.ActiveCfg = Release|Any CPU
		{6AB11AFA-C5E8-4175-8A7B-27F7E49A54AA}.Release|x64.Build.0 = Release|Any CPU
		{6AB11AFA-C5E8-4175-8A7B-27F7E49A54AA}.Release|x86.ActiveCfg = Release|Any CPU
		{6AB11AFA-C5E8-4175-8A7B-27F7E49A54AA}.Release|x86.Build.0 = Release|Any CPU
		{AD3B83CA-534D-4F58-A61A-61F3D2D352AF}.Debug|Any CPU.ActiveCfg = Debug|Any CPU
		{AD3B83CA-534D-4F58-A61A-61F3D2D352AF}.Debug|Any CPU.Build.0 = Debug|Any CPU
		{AD3B83CA-534D-4F58-A61A-61F3D2D352AF}.Debug|x64.ActiveCfg = Debug|Any CPU
		{AD3B83CA-534D-4F58-A61A-61F3D2D352AF}.Debug|x64.Build.0 = Debug|Any CPU
		{AD3B83CA-534D-4F58-A61A-61F3D2D352AF}.Debug|x86.ActiveCfg = Debug|Any CPU
		{AD3B83CA-534D-4F58-A61A-61F3D2D352AF}.Debug|x86.Build.0 = Debug|Any CPU
		{AD3B83CA-534D-4F58-A61A-61F3D2D352AF}.Release|Any CPU.ActiveCfg = Release|Any CPU
		{AD3B83CA-534D-4F58-A61A-61F3D2D352AF}.Release|Any CPU.Build.0 = Release|Any CPU
		{AD3B83CA-534D-4F58-A61A-61F3D2D352AF}.Release|x64.ActiveCfg = Release|Any CPU
		{AD3B83CA-534D-4F58-A61A-61F3D2D352AF}.Release|x64.Build.0 = Release|Any CPU
		{AD3B83CA-534D-4F58-A61A-61F3D2D352AF}.Release|x86.ActiveCfg = Release|Any CPU
		{AD3B83CA-534D-4F58-A61A-61F3D2D352AF}.Release|x86.Build.0 = Release|Any CPU
		{11272DE0-0DD1-4777-864F-74A5908F020E}.Debug|Any CPU.ActiveCfg = Debug|Any CPU
		{11272DE0-0DD1-4777-864F-74A5908F020E}.Debug|Any CPU.Build.0 = Debug|Any CPU
		{11272DE0-0DD1-4777-864F-74A5908F020E}.Debug|x64.ActiveCfg = Debug|Any CPU
		{11272DE0-0DD1-4777-864F-74A5908F020E}.Debug|x64.Build.0 = Debug|Any CPU
		{11272DE0-0DD1-4777-864F-74A5908F020E}.Debug|x86.ActiveCfg = Debug|Any CPU
		{11272DE0-0DD1-4777-864F-74A5908F020E}.Debug|x86.Build.0 = Debug|Any CPU
		{11272DE0-0DD1-4777-864F-74A5908F020E}.Release|Any CPU.ActiveCfg = Release|Any CPU
		{11272DE0-0DD1-4777-864F-74A5908F020E}.Release|Any CPU.Build.0 = Release|Any CPU
		{11272DE0-0DD1-4777-864F-74A5908F020E}.Release|x64.ActiveCfg = Release|Any CPU
		{11272DE0-0DD1-4777-864F-74A5908F020E}.Release|x64.Build.0 = Release|Any CPU
		{11272DE0-0DD1-4777-864F-74A5908F020E}.Release|x86.ActiveCfg = Release|Any CPU
		{11272DE0-0DD1-4777-864F-74A5908F020E}.Release|x86.Build.0 = Release|Any CPU
	EndGlobalSection
	GlobalSection(SolutionProperties) = preSolution
		HideSolutionNode = FALSE
	EndGlobalSection
	GlobalSection(NestedProjects) = preSolution
		{81034408-37C8-1011-444E-4C15C2FADA8E} = {827E0CD3-B72D-47B6-A68D-7590B98EB39B}
		{BFF2DF6E-AA54-47C7-211F-79ACCBB4577C} = {827E0CD3-B72D-47B6-A68D-7590B98EB39B}
		{8D626EA8-CB54-BC41-363A-217881BEBA6E} = {827E0CD3-B72D-47B6-A68D-7590B98EB39B}
		{9048EB7F-3875-A59E-E36B-5BD4C6F2A282} = {827E0CD3-B72D-47B6-A68D-7590B98EB39B}
		{F12DE506-8224-4752-9A4D-4652013EF7C3} = {81034408-37C8-1011-444E-4C15C2FADA8E}
		{7EFE32E9-41A3-4FDA-AF55-74E6CD78AE3D} = {8D626EA8-CB54-BC41-363A-217881BEBA6E}
		{2FF00A82-95C2-47AA-888B-52F6DAAA0896} = {8D626EA8-CB54-BC41-363A-217881BEBA6E}
		{6AB11AFA-C5E8-4175-8A7B-27F7E49A54AA} = {9048EB7F-3875-A59E-E36B-5BD4C6F2A282}
		{AD3B83CA-534D-4F58-A61A-61F3D2D352AF} = {9048EB7F-3875-A59E-E36B-5BD4C6F2A282}
		{11272DE0-0DD1-4777-864F-74A5908F020E} = {BFF2DF6E-AA54-47C7-211F-79ACCBB4577C}
	EndGlobalSection
EndGlobal
